// !$*UTF8*$!
{
	archiveVersion = 1;
	classes = {
	};
	objectVersion = 50;
	objects = {

/* Begin PBXBuildFile section */
		E3C9807D262AE01D008DB0BD /* AppDelegate.swift in Sources */ = {isa = PBXBuildFile; fileRef = E3C9807C262AE01D008DB0BD /* AppDelegate.swift */; };
		E3C9807F262AE01D008DB0BD /* SceneDelegate.swift in Sources */ = {isa = PBXBuildFile; fileRef = E3C9807E262AE01D008DB0BD /* SceneDelegate.swift */; };
		E3C98081262AE01D008DB0BD /* ViewController.swift in Sources */ = {isa = PBXBuildFile; fileRef = E3C98080262AE01D008DB0BD /* ViewController.swift */; };
		E3C98084262AE01D008DB0BD /* Main.storyboard in Resources */ = {isa = PBXBuildFile; fileRef = E3C98082262AE01D008DB0BD /* Main.storyboard */; };
		E3C98086262AE023008DB0BD /* Assets.xcassets in Resources */ = {isa = PBXBuildFile; fileRef = E3C98085262AE023008DB0BD /* Assets.xcassets */; };
		E3C98089262AE023008DB0BD /* LaunchScreen.storyboard in Resources */ = {isa = PBXBuildFile; fileRef = E3C98087262AE023008DB0BD /* LaunchScreen.storyboard */; };
		E3C98094262AE023008DB0BD /* PhotoAppTests.swift in Sources */ = {isa = PBXBuildFile; fileRef = E3C98093262AE023008DB0BD /* PhotoAppTests.swift */; };
		E3C9809F262AE023008DB0BD /* PhotoAppUITests.swift in Sources */ = {isa = PBXBuildFile; fileRef = E3C9809E262AE023008DB0BD /* PhotoAppUITests.swift */; };
/* End PBXBuildFile section */

/* Begin PBXContainerItemProxy section */
		E3C98090262AE023008DB0BD /* PBXContainerItemProxy */ = {
			isa = PBXContainerItemProxy;
			containerPortal = E3C98071262AE01D008DB0BD /* Project object */;
			proxyType = 1;
			remoteGlobalIDString = E3C98078262AE01D008DB0BD;
			remoteInfo = PhotoApp;
		};
		E3C9809B262AE023008DB0BD /* PBXContainerItemProxy */ = {
			isa = PBXContainerItemProxy;
			containerPortal = E3C98071262AE01D008DB0BD /* Project object */;
			proxyType = 1;
			remoteGlobalIDString = E3C98078262AE01D008DB0BD;
			remoteInfo = PhotoApp;
		};
/* End PBXContainerItemProxy section */

/* Begin PBXFileReference section */
		E3C98079262AE01D008DB0BD /* PhotoApp.app */ = {isa = PBXFileReference; explicitFileType = wrapper.application; includeInIndex = 0; path = PhotoApp.app; sourceTree = BUILT_PRODUCTS_DIR; };
		E3C9807C262AE01D008DB0BD /* AppDelegate.swift */ = {isa = PBXFileReference; lastKnownFileType = sourcecode.swift; path = AppDelegate.swift; sourceTree = "<group>"; };
		E3C9807E262AE01D008DB0BD /* SceneDelegate.swift */ = {isa = PBXFileReference; lastKnownFileType = sourcecode.swift; path = SceneDelegate.swift; sourceTree = "<group>"; };
		E3C98080262AE01D008DB0BD /* ViewController.swift */ = {isa = PBXFileReference; lastKnownFileType = sourcecode.swift; path = ViewController.swift; sourceTree = "<group>"; };
		E3C98083262AE01D008DB0BD /* Base */ = {isa = PBXFileReference; lastKnownFileType = file.storyboard; name = Base; path = Base.lproj/Main.storyboard; sourceTree = "<group>"; };
		E3C98085262AE023008DB0BD /* Assets.xcassets */ = {isa = PBXFileReference; lastKnownFileType = folder.assetcatalog; path = Assets.xcassets; sourceTree = "<group>"; };
		E3C98088262AE023008DB0BD /* Base */ = {isa = PBXFileReference; lastKnownFileType = file.storyboard; name = Base; path = Base.lproj/LaunchScreen.storyboard; sourceTree = "<group>"; };
		E3C9808A262AE023008DB0BD /* Info.plist */ = {isa = PBXFileReference; lastKnownFileType = text.plist.xml; path = Info.plist; sourceTree = "<group>"; };
		E3C9808F262AE023008DB0BD /* PhotoAppTests.xctest */ = {isa = PBXFileReference; explicitFileType = wrapper.cfbundle; includeInIndex = 0; path = PhotoAppTests.xctest; sourceTree = BUILT_PRODUCTS_DIR; };
		E3C98093262AE023008DB0BD /* PhotoAppTests.swift */ = {isa = PBXFileReference; lastKnownFileType = sourcecode.swift; path = PhotoAppTests.swift; sourceTree = "<group>"; };
		E3C98095262AE023008DB0BD /* Info.plist */ = {isa = PBXFileReference; lastKnownFileType = text.plist.xml; path = Info.plist; sourceTree = "<group>"; };
		E3C9809A262AE023008DB0BD /* PhotoAppUITests.xctest */ = {isa = PBXFileReference; explicitFileType = wrapper.cfbundle; includeInIndex = 0; path = PhotoAppUITests.xctest; sourceTree = BUILT_PRODUCTS_DIR; };
		E3C9809E262AE023008DB0BD /* PhotoAppUITests.swift */ = {isa = PBXFileReference; lastKnownFileType = sourcecode.swift; path = PhotoAppUITests.swift; sourceTree = "<group>"; };
		E3C980A0262AE023008DB0BD /* Info.plist */ = {isa = PBXFileReference; lastKnownFileType = text.plist.xml; path = Info.plist; sourceTree = "<group>"; };
/* End PBXFileReference section */

/* Begin PBXFrameworksBuildPhase section */
		E3C98076262AE01D008DB0BD /* Frameworks */ = {
			isa = PBXFrameworksBuildPhase;
			buildActionMask = 2147483647;
			files = (
			);
			runOnlyForDeploymentPostprocessing = 0;
		};
		E3C9808C262AE023008DB0BD /* Frameworks */ = {
			isa = PBXFrameworksBuildPhase;
			buildActionMask = 2147483647;
			files = (
			);
			runOnlyForDeploymentPostprocessing = 0;
		};
		E3C98097262AE023008DB0BD /* Frameworks */ = {
			isa = PBXFrameworksBuildPhase;
			buildActionMask = 2147483647;
			files = (
			);
			runOnlyForDeploymentPostprocessing = 0;
		};
/* End PBXFrameworksBuildPhase section */

/* Begin PBXGroup section */
		E3C98070262AE01D008DB0BD = {
			isa = PBXGroup;
			children = (
				E3C9807B262AE01D008DB0BD /* PhotoApp */,
				E3C98092262AE023008DB0BD /* PhotoAppTests */,
				E3C9809D262AE023008DB0BD /* PhotoAppUITests */,
				E3C9807A262AE01D008DB0BD /* Products */,
			);
			sourceTree = "<group>";
		};
		E3C9807A262AE01D008DB0BD /* Products */ = {
			isa = PBXGroup;
			children = (
				E3C98079262AE01D008DB0BD /* PhotoApp.app */,
				E3C9808F262AE023008DB0BD /* PhotoAppTests.xctest */,
				E3C9809A262AE023008DB0BD /* PhotoAppUITests.xctest */,
			);
			name = Products;
			sourceTree = "<group>";
		};
		E3C9807B262AE01D008DB0BD /* PhotoApp */ = {
			isa = PBXGroup;
			children = (
				E3C9807C262AE01D008DB0BD /* AppDelegate.swift */,
				E3C9807E262AE01D008DB0BD /* SceneDelegate.swift */,
				E3C98080262AE01D008DB0BD /* ViewController.swift */,
				E3C98082262AE01D008DB0BD /* Main.storyboard */,
				E3C98085262AE023008DB0BD /* Assets.xcassets */,
				E3C98087262AE023008DB0BD /* LaunchScreen.storyboard */,
				E3C9808A262AE023008DB0BD /* Info.plist */,
			);
			path = PhotoApp;
			sourceTree = "<group>";
		};
		E3C98092262AE023008DB0BD /* PhotoAppTests */ = {
			isa = PBXGroup;
			children = (
				E3C98093262AE023008DB0BD /* PhotoAppTests.swift */,
				E3C98095262AE023008DB0BD /* Info.plist */,
			);
			path = PhotoAppTests;
			sourceTree = "<group>";
		};
		E3C9809D262AE023008DB0BD /* PhotoAppUITests */ = {
			isa = PBXGroup;
			children = (
				E3C9809E262AE023008DB0BD /* PhotoAppUITests.swift */,
				E3C980A0262AE023008DB0BD /* Info.plist */,
			);
			path = PhotoAppUITests;
			sourceTree = "<group>";
		};
/* End PBXGroup section */

/* Begin PBXNativeTarget section */
		E3C98078262AE01D008DB0BD /* PhotoApp */ = {
			isa = PBXNativeTarget;
			buildConfigurationList = E3C980A3262AE023008DB0BD /* Build configuration list for PBXNativeTarget "PhotoApp" */;
			buildPhases = (
				E3C98075262AE01D008DB0BD /* Sources */,
				E3C98076262AE01D008DB0BD /* Frameworks */,
				E3C98077262AE01D008DB0BD /* Resources */,
			);
			buildRules = (
			);
			dependencies = (
			);
			name = PhotoApp;
			productName = PhotoApp;
			productReference = E3C98079262AE01D008DB0BD /* PhotoApp.app */;
			productType = "com.apple.product-type.application";
		};
		E3C9808E262AE023008DB0BD /* PhotoAppTests */ = {
			isa = PBXNativeTarget;
			buildConfigurationList = E3C980A6262AE023008DB0BD /* Build configuration list for PBXNativeTarget "PhotoAppTests" */;
			buildPhases = (
				E3C9808B262AE023008DB0BD /* Sources */,
				E3C9808C262AE023008DB0BD /* Frameworks */,
				E3C9808D262AE023008DB0BD /* Resources */,
			);
			buildRules = (
			);
			dependencies = (
				E3C98091262AE023008DB0BD /* PBXTargetDependency */,
			);
			name = PhotoAppTests;
			productName = PhotoAppTests;
			productReference = E3C9808F262AE023008DB0BD /* PhotoAppTests.xctest */;
			productType = "com.apple.product-type.bundle.unit-test";
		};
		E3C98099262AE023008DB0BD /* PhotoAppUITests */ = {
			isa = PBXNativeTarget;
			buildConfigurationList = E3C980A9262AE023008DB0BD /* Build configuration list for PBXNativeTarget "PhotoAppUITests" */;
			buildPhases = (
				E3C98096262AE023008DB0BD /* Sources */,
				E3C98097262AE023008DB0BD /* Frameworks */,
				E3C98098262AE023008DB0BD /* Resources */,
			);
			buildRules = (
			);
			dependencies = (
				E3C9809C262AE023008DB0BD /* PBXTargetDependency */,
			);
			name = PhotoAppUITests;
			productName = PhotoAppUITests;
			productReference = E3C9809A262AE023008DB0BD /* PhotoAppUITests.xctest */;
			productType = "com.apple.product-type.bundle.ui-testing";
		};
/* End PBXNativeTarget section */

/* Begin PBXProject section */
		E3C98071262AE01D008DB0BD /* Project object */ = {
			isa = PBXProject;
			attributes = {
				LastSwiftUpdateCheck = 1240;
				LastUpgradeCheck = 1240;
				TargetAttributes = {
					E3C98078262AE01D008DB0BD = {
						CreatedOnToolsVersion = 12.4;
					};
					E3C9808E262AE023008DB0BD = {
						CreatedOnToolsVersion = 12.4;
						TestTargetID = E3C98078262AE01D008DB0BD;
					};
					E3C98099262AE023008DB0BD = {
						CreatedOnToolsVersion = 12.4;
						TestTargetID = E3C98078262AE01D008DB0BD;
					};
				};
			};
			buildConfigurationList = E3C98074262AE01D008DB0BD /* Build configuration list for PBXProject "PhotoApp" */;
			compatibilityVersion = "Xcode 9.3";
			developmentRegion = en;
			hasScannedForEncodings = 0;
			knownRegions = (
				en,
				Base,
			);
			mainGroup = E3C98070262AE01D008DB0BD;
			productRefGroup = E3C9807A262AE01D008DB0BD /* Products */;
			projectDirPath = "";
			projectRoot = "";
			targets = (
				E3C98078262AE01D008DB0BD /* PhotoApp */,
				E3C9808E262AE023008DB0BD /* PhotoAppTests */,
				E3C98099262AE023008DB0BD /* PhotoAppUITests */,
			);
		};
/* End PBXProject section */

/* Begin PBXResourcesBuildPhase section */
		E3C98077262AE01D008DB0BD /* Resources */ = {
			isa = PBXResourcesBuildPhase;
			buildActionMask = 2147483647;
			files = (
				E3C98089262AE023008DB0BD /* LaunchScreen.storyboard in Resources */,
				E3C98086262AE023008DB0BD /* Assets.xcassets in Resources */,
				E3C98084262AE01D008DB0BD /* Main.storyboard in Resources */,
			);
			runOnlyForDeploymentPostprocessing = 0;
		};
		E3C9808D262AE023008DB0BD /* Resources */ = {
			isa = PBXResourcesBuildPhase;
			buildActionMask = 2147483647;
			files = (
			);
			runOnlyForDeploymentPostprocessing = 0;
		};
		E3C98098262AE023008DB0BD /* Resources */ = {
			isa = PBXResourcesBuildPhase;
			buildActionMask = 2147483647;
			files = (
			);
			runOnlyForDeploymentPostprocessing = 0;
		};
/* End PBXResourcesBuildPhase section */

/* Begin PBXSourcesBuildPhase section */
		E3C98075262AE01D008DB0BD /* Sources */ = {
			isa = PBXSourcesBuildPhase;
			buildActionMask = 2147483647;
			files = (
				E3C98081262AE01D008DB0BD /* ViewController.swift in Sources */,
				E3C9807D262AE01D008DB0BD /* AppDelegate.swift in Sources */,
				E3C9807F262AE01D008DB0BD /* SceneDelegate.swift in Sources */,
			);
			runOnlyForDeploymentPostprocessing = 0;
		};
		E3C9808B262AE023008DB0BD /* Sources */ = {
			isa = PBXSourcesBuildPhase;
			buildActionMask = 2147483647;
			files = (
				E3C98094262AE023008DB0BD /* PhotoAppTests.swift in Sources */,
			);
			runOnlyForDeploymentPostprocessing = 0;
		};
		E3C98096262AE023008DB0BD /* Sources */ = {
			isa = PBXSourcesBuildPhase;
			buildActionMask = 2147483647;
			files = (
				E3C9809F262AE023008DB0BD /* PhotoAppUITests.swift in Sources */,
			);
			runOnlyForDeploymentPostprocessing = 0;
		};
/* End PBXSourcesBuildPhase section */

/* Begin PBXTargetDependency section */
		E3C98091262AE023008DB0BD /* PBXTargetDependency */ = {
			isa = PBXTargetDependency;
			target = E3C98078262AE01D008DB0BD /* PhotoApp */;
			targetProxy = E3C98090262AE023008DB0BD /* PBXContainerItemProxy */;
		};
		E3C9809C262AE023008DB0BD /* PBXTargetDependency */ = {
			isa = PBXTargetDependency;
			target = E3C98078262AE01D008DB0BD /* PhotoApp */;
			targetProxy = E3C9809B262AE023008DB0BD /* PBXContainerItemProxy */;
		};
/* End PBXTargetDependency section */

/* Begin PBXVariantGroup section */
		E3C98082262AE01D008DB0BD /* Main.storyboard */ = {
			isa = PBXVariantGroup;
			children = (
				E3C98083262AE01D008DB0BD /* Base */,
			);
			name = Main.storyboard;
			sourceTree = "<group>";
		};
		E3C98087262AE023008DB0BD /* LaunchScreen.storyboard */ = {
			isa = PBXVariantGroup;
			children = (
				E3C98088262AE023008DB0BD /* Base */,
			);
			name = LaunchScreen.storyboard;
			sourceTree = "<group>";
		};
/* End PBXVariantGroup section */

/* Begin XCBuildConfiguration section */
		E3C980A1262AE023008DB0BD /* Debug */ = {
			isa = XCBuildConfiguration;
			buildSettings = {
				ALWAYS_SEARCH_USER_PATHS = NO;
				CLANG_ANALYZER_NONNULL = YES;
				CLANG_ANALYZER_NUMBER_OBJECT_CONVERSION = YES_AGGRESSIVE;
				CLANG_CXX_LANGUAGE_STANDARD = "gnu++14";
				CLANG_CXX_LIBRARY = "libc++";
				CLANG_ENABLE_MODULES = YES;
				CLANG_ENABLE_OBJC_ARC = YES;
				CLANG_ENABLE_OBJC_WEAK = YES;
				CLANG_WARN_BLOCK_CAPTURE_AUTORELEASING = YES;
				CLANG_WARN_BOOL_CONVERSION = YES;
				CLANG_WARN_COMMA = YES;
				CLANG_WARN_CONSTANT_CONVERSION = YES;
				CLANG_WARN_DEPRECATED_OBJC_IMPLEMENTATIONS = YES;
				CLANG_WARN_DIRECT_OBJC_ISA_USAGE = YES_ERROR;
				CLANG_WARN_DOCUMENTATION_COMMENTS = YES;
				CLANG_WARN_EMPTY_BODY = YES;
				CLANG_WARN_ENUM_CONVERSION = YES;
				CLANG_WARN_INFINITE_RECURSION = YES;
				CLANG_WARN_INT_CONVERSION = YES;
				CLANG_WARN_NON_LITERAL_NULL_CONVERSION = YES;
				CLANG_WARN_OBJC_IMPLICIT_RETAIN_SELF = YES;
				CLANG_WARN_OBJC_LITERAL_CONVERSION = YES;
				CLANG_WARN_OBJC_ROOT_CLASS = YES_ERROR;
				CLANG_WARN_QUOTED_INCLUDE_IN_FRAMEWORK_HEADER = YES;
				CLANG_WARN_RANGE_LOOP_ANALYSIS = YES;
				CLANG_WARN_STRICT_PROTOTYPES = YES;
				CLANG_WARN_SUSPICIOUS_MOVE = YES;
				CLANG_WARN_UNGUARDED_AVAILABILITY = YES_AGGRESSIVE;
				CLANG_WARN_UNREACHABLE_CODE = YES;
				CLANG_WARN__DUPLICATE_METHOD_MATCH = YES;
				COPY_PHASE_STRIP = NO;
				DEBUG_INFORMATION_FORMAT = dwarf;
				ENABLE_STRICT_OBJC_MSGSEND = YES;
				ENABLE_TESTABILITY = YES;
				GCC_C_LANGUAGE_STANDARD = gnu11;
				GCC_DYNAMIC_NO_PIC = NO;
				GCC_NO_COMMON_BLOCKS = YES;
				GCC_OPTIMIZATION_LEVEL = 0;
				GCC_PREPROCESSOR_DEFINITIONS = (
					"DEBUG=1",
					"$(inherited)",
				);
				GCC_WARN_64_TO_32_BIT_CONVERSION = YES;
				GCC_WARN_ABOUT_RETURN_TYPE = YES_ERROR;
				GCC_WARN_UNDECLARED_SELECTOR = YES;
				GCC_WARN_UNINITIALIZED_AUTOS = YES_AGGRESSIVE;
				GCC_WARN_UNUSED_FUNCTION = YES;
				GCC_WARN_UNUSED_VARIABLE = YES;
				IPHONEOS_DEPLOYMENT_TARGET = 14.4;
				MTL_ENABLE_DEBUG_INFO = INCLUDE_SOURCE;
				MTL_FAST_MATH = YES;
				ONLY_ACTIVE_ARCH = YES;
				SDKROOT = iphoneos;
				SWIFT_ACTIVE_COMPILATION_CONDITIONS = DEBUG;
				SWIFT_OPTIMIZATION_LEVEL = "-Onone";
			};
			name = Debug;
		};
		E3C980A2262AE023008DB0BD /* Release */ = {
			isa = XCBuildConfiguration;
			buildSettings = {
				ALWAYS_SEARCH_USER_PATHS = NO;
				CLANG_ANALYZER_NONNULL = YES;
				CLANG_ANALYZER_NUMBER_OBJECT_CONVERSION = YES_AGGRESSIVE;
				CLANG_CXX_LANGUAGE_STANDARD = "gnu++14";
				CLANG_CXX_LIBRARY = "libc++";
				CLANG_ENABLE_MODULES = YES;
				CLANG_ENABLE_OBJC_ARC = YES;
				CLANG_ENABLE_OBJC_WEAK = YES;
				CLANG_WARN_BLOCK_CAPTURE_AUTORELEASING = YES;
				CLANG_WARN_BOOL_CONVERSION = YES;
				CLANG_WARN_COMMA = YES;
				CLANG_WARN_CONSTANT_CONVERSION = YES;
				CLANG_WARN_DEPRECATED_OBJC_IMPLEMENTATIONS = YES;
				CLANG_WARN_DIRECT_OBJC_ISA_USAGE = YES_ERROR;
				CLANG_WARN_DOCUMENTATION_COMMENTS = YES;
				CLANG_WARN_EMPTY_BODY = YES;
				CLANG_WARN_ENUM_CONVERSION = YES;
				CLANG_WARN_INFINITE_RECURSION = YES;
				CLANG_WARN_INT_CONVERSION = YES;
				CLANG_WARN_NON_LITERAL_NULL_CONVERSION = YES;
				CLANG_WARN_OBJC_IMPLICIT_RETAIN_SELF = YES;
				CLANG_WARN_OBJC_LITERAL_CONVERSION = YES;
				CLANG_WARN_OBJC_ROOT_CLASS = YES_ERROR;
				CLANG_WARN_QUOTED_INCLUDE_IN_FRAMEWORK_HEADER = YES;
				CLANG_WARN_RANGE_LOOP_ANALYSIS = YES;
				CLANG_WARN_STRICT_PROTOTYPES = YES;
				CLANG_WARN_SUSPICIOUS_MOVE = YES;
				CLANG_WARN_UNGUARDED_AVAILABILITY = YES_AGGRESSIVE;
				CLANG_WARN_UNREACHABLE_CODE = YES;
				CLANG_WARN__DUPLICATE_METHOD_MATCH = YES;
				COPY_PHASE_STRIP = NO;
				DEBUG_INFORMATION_FORMAT = "dwarf-with-dsym";
				ENABLE_NS_ASSERTIONS = NO;
				ENABLE_STRICT_OBJC_MSGSEND = YES;
				GCC_C_LANGUAGE_STANDARD = gnu11;
				GCC_NO_COMMON_BLOCKS = YES;
				GCC_WARN_64_TO_32_BIT_CONVERSION = YES;
				GCC_WARN_ABOUT_RETURN_TYPE = YES_ERROR;
				GCC_WARN_UNDECLARED_SELECTOR = YES;
				GCC_WARN_UNINITIALIZED_AUTOS = YES_AGGRESSIVE;
				GCC_WARN_UNUSED_FUNCTION = YES;
				GCC_WARN_UNUSED_VARIABLE = YES;
				IPHONEOS_DEPLOYMENT_TARGET = 14.4;
				MTL_ENABLE_DEBUG_INFO = NO;
				MTL_FAST_MATH = YES;
				SDKROOT = iphoneos;
				SWIFT_COMPILATION_MODE = wholemodule;
				SWIFT_OPTIMIZATION_LEVEL = "-O";
				VALIDATE_PRODUCT = YES;
			};
			name = Release;
		};
		E3C980A4262AE023008DB0BD /* Debug */ = {
			isa = XCBuildConfiguration;
			buildSettings = {
				ASSETCATALOG_COMPILER_APPICON_NAME = AppIcon;
				ASSETCATALOG_COMPILER_GLOBAL_ACCENT_COLOR_NAME = AccentColor;
				CODE_SIGN_STYLE = Automatic;
				DEVELOPMENT_TEAM = MCP72WGYNQ;
				INFOPLIST_FILE = PhotoApp/Info.plist;
				LD_RUNPATH_SEARCH_PATHS = (
					"$(inherited)",
					"@executable_path/Frameworks",
				);
				PRODUCT_BUNDLE_IDENTIFIER = ozgun1.PhotoApp;
				PRODUCT_NAME = "$(TARGET_NAME)";
				SWIFT_VERSION = 5.0;
				TARGETED_DEVICE_FAMILY = "1,2";
			};
			name = Debug;
		};
		E3C980A5262AE023008DB0BD /* Release */ = {
			isa = XCBuildConfiguration;
			buildSettings = {
				ASSETCATALOG_COMPILER_APPICON_NAME = AppIcon;
				ASSETCATALOG_COMPILER_GLOBAL_ACCENT_COLOR_NAME = AccentColor;
				CODE_SIGN_STYLE = Automatic;
				DEVELOPMENT_TEAM = MCP72WGYNQ;
				INFOPLIST_FILE = PhotoApp/Info.plist;
				LD_RUNPATH_SEARCH_PATHS = (
					"$(inherited)",
					"@executable_path/Frameworks",
				);
				PRODUCT_BUNDLE_IDENTIFIER = ozgun1.PhotoApp;
				PRODUCT_NAME = "$(TARGET_NAME)";
				SWIFT_VERSION = 5.0;
				TARGETED_DEVICE_FAMILY = "1,2";
			};
			name = Release;
		};
		E3C980A7262AE023008DB0BD /* Debug */ = {
			isa = XCBuildConfiguration;
			buildSettings = {
				ALWAYS_EMBED_SWIFT_STANDARD_LIBRARIES = YES;
				BUNDLE_LOADER = "$(TEST_HOST)";
				CODE_SIGN_STYLE = Automatic;
				DEVELOPMENT_TEAM = MCP72WGYNQ;
				INFOPLIST_FILE = PhotoAppTests/Info.plist;
				IPHONEOS_DEPLOYMENT_TARGET = 14.4;
				LD_RUNPATH_SEARCH_PATHS = (
					"$(inherited)",
					"@executable_path/Frameworks",
					"@loader_path/Frameworks",
				);
				PRODUCT_BUNDLE_IDENTIFIER = ozgun1.PhotoAppTests;
				PRODUCT_NAME = "$(TARGET_NAME)";
				SWIFT_VERSION = 5.0;
				TARGETED_DEVICE_FAMILY = "1,2";
				TEST_HOST = "$(BUILT_PRODUCTS_DIR)/PhotoApp.app/PhotoApp";
			};
			name = Debug;
		};
		E3C980A8262AE023008DB0BD /* Release */ = {
			isa = XCBuildConfiguration;
			buildSettings = {
				ALWAYS_EMBED_SWIFT_STANDARD_LIBRARIES = YES;
				BUNDLE_LOADER = "$(TEST_HOST)";
				CODE_SIGN_STYLE = Automatic;
				DEVELOPMENT_TEAM = MCP72WGYNQ;
				INFOPLIST_FILE = PhotoAppTests/Info.plist;
				IPHONEOS_DEPLOYMENT_TARGET = 14.4;
				LD_RUNPATH_SEARCH_PATHS = (
					"$(inherited)",
					"@executable_path/Frameworks",
					"@loader_path/Frameworks",
				);
				PRODUCT_BUNDLE_IDENTIFIER = ozgun1.PhotoAppTests;
				PRODUCT_NAME = "$(TARGET_NAME)";
				SWIFT_VERSION = 5.0;
				TARGETED_DEVICE_FAMILY = "1,2";
				TEST_HOST = "$(BUILT_PRODUCTS_DIR)/PhotoApp.app/PhotoApp";
			};
			name = Release;
		};
		E3C980AA262AE023008DB0BD /* Debug */ = {
			isa = XCBuildConfiguration;
			buildSettings = {
				ALWAYS_EMBED_SWIFT_STANDARD_LIBRARIES = YES;
				CODE_SIGN_STYLE = Automatic;
				DEVELOPMENT_TEAM = MCP72WGYNQ;
				INFOPLIST_FILE = PhotoAppUITests/Info.plist;
				LD_RUNPATH_SEARCH_PATHS = (
					"$(inherited)",
					"@executable_path/Frameworks",
					"@loader_path/Frameworks",
				);
				PRODUCT_BUNDLE_IDENTIFIER = ozgun1.PhotoAppUITests;
				PRODUCT_NAME = "$(TARGET_NAME)";
				SWIFT_VERSION = 5.0;
				TARGETED_DEVICE_FAMILY = "1,2";
				TEST_TARGET_NAME = PhotoApp;
			};
			name = Debug;
		};
		E3C980AB262AE023008DB0BD /* Release */ = {
			isa = XCBuildConfiguration;
			buildSettings = {
				ALWAYS_EMBED_SWIFT_STANDARD_LIBRARIES = YES;
				CODE_SIGN_STYLE = Automatic;
				DEVELOPMENT_TEAM = MCP72WGYNQ;
				INFOPLIST_FILE = PhotoAppUITests/Info.plist;
				LD_RUNPATH_SEARCH_PATHS = (
					"$(inherited)",
					"@executable_path/Frameworks",
					"@loader_path/Frameworks",
				);
				PRODUCT_BUNDLE_IDENTIFIER = ozgun1.PhotoAppUITests;
				PRODUCT_NAME = "$(TARGET_NAME)";
				SWIFT_VERSION = 5.0;
				TARGETED_DEVICE_FAMILY = "1,2";
				TEST_TARGET_NAME = PhotoApp;
			};
			name = Release;
		};
/* End XCBuildConfiguration section */

/* Begin XCConfigurationList section */
		E3C98074262AE01D008DB0BD /* Build configuration list for PBXProject "PhotoApp" */ = {
			isa = XCConfigurationList;
			buildConfigurations = (
				E3C980A1262AE023008DB0BD /* Debug */,
				E3C980A2262AE023008DB0BD /* Release */,
			);
			defaultConfigurationIsVisible = 0;
			defaultConfigurationName = Release;
		};
		E3C980A3262AE023008DB0BD /* Build configuration list for PBXNativeTarget "PhotoApp" */ = {
			isa = XCConfigurationList;
			buildConfigurations = (
				E3C980A4262AE023008DB0BD /* Debug */,
				E3C980A5262AE023008DB0BD /* Release */,
			);
			defaultConfigurationIsVisible = 0;
			defaultConfigurationName = Release;
		};
		E3C980A6262AE023008DB0BD /* Build configuration list for PBXNativeTarget "PhotoAppTests" */ = {
			isa = XCConfigurationList;
			buildConfigurations = (
				E3C980A7262AE023008DB0BD /* Debug */,
				E3C980A8262AE023008DB0BD /* Release */,
			);
			defaultConfigurationIsVisible = 0;
			defaultConfigurationName = Release;
		};
		E3C980A9262AE023008DB0BD /* Build configuration list for PBXNativeTarget "PhotoAppUITests" */ = {
			isa = XCConfigurationList;
			buildConfigurations = (
				E3C980AA262AE023008DB0BD /* Debug */,
				E3C980AB262AE023008DB0BD /* Release */,
			);
			defaultConfigurationIsVisible = 0;
			defaultConfigurationName = Release;
		};
/* End XCConfigurationList section */
	};
	rootObject = E3C98071262AE01D008DB0BD /* Project object */;
}
